
Microsoft Visual Studio Solution File, Format Version 12.00
# Visual Studio 14
VisualStudioVersion = 14.0.25420.1
MinimumVisualStudioVersion = 10.0.40219.1
Project("{8BC9CEB8-8B4A-11D0-8D11-00A0C91BC942}") = "01", "1\1.vcxproj", "{C81FC35A-895B-48E6-A2EF-2190240E4AEF}"
EndProject
Project("{8BC9CEB8-8B4A-11D0-8D11-00A0C91BC942}") = "02", "2\2.vcxproj", "{40CE3379-FD58-45EB-A68D-7C74C1D05CB2}"
EndProject
Project("{8BC9CEB8-8B4A-11D0-8D11-00A0C91BC942}") = "03", "3\3.vcxproj", "{5062ACFC-FA3A-4BD1-93C6-98A5F0CD6BAF}"
EndProject
Project("{8BC9CEB8-8B4A-11D0-8D11-00A0C91BC942}") = "04", "4\4.vcxproj", "{DA99FCE3-941F-4C25-94DD-1939B29DBB80}"
EndProject
Project("{8BC9CEB8-8B4A-11D0-8D11-00A0C91BC942}") = "05", "5\5.vcxproj", "{8C5D1342-2A97-420D-92D8-211D67AC2DCD}"
EndProject
Project("{8BC9CEB8-8B4A-11D0-8D11-00A0C91BC942}") = "06", "6\6.vcxproj", "{918E4FD4-6A09-47A3-9312-E67289611BF7}"
EndProject
Project("{8BC9CEB8-8B4A-11D0-8D11-00A0C91BC942}") = "07", "7\7.vcxproj", "{B1AC0DB9-D341-447A-B960-59D3346D5E85}"
EndProject
Project("{8BC9CEB8-8B4A-11D0-8D11-00A0C91BC942}") = "08", "8\8.vcxproj", "{B45631CD-15FC-4A5D-B558-C4A72CA0D3C1}"
EndProject
Project("{8BC9CEB8-8B4A-11D0-8D11-00A0C91BC942}") = "09", "9\9.vcxproj", "{706D1A5B-6BD5-4E29-A458-B7911B50165E}"
EndProject
Project("{8BC9CEB8-8B4A-11D0-8D11-00A0C91BC942}") = "10", "10\10.vcxproj", "{4B8E607A-CC67-4B21-B65D-6BB8FCC16834}"
EndProject
Project("{8BC9CEB8-8B4A-11D0-8D11-00A0C91BC942}") = "11", "11\11.vcxproj", "{446E10DC-0258-4535-975B-DA572674B30C}"
EndProject
Project("{8BC9CEB8-8B4A-11D0-8D11-00A0C91BC942}") = "12", "12\12.vcxproj", "{9AC0CBFF-34E4-454B-BBB6-76A09656F7B2}"
EndProject
Project("{8BC9CEB8-8B4A-11D0-8D11-00A0C91BC942}") = "13", "13\13.vcxproj", "{4D722E75-20CC-4787-B916-8C5BAE4B195F}"
EndProject
Project("{8BC9CEB8-8B4A-11D0-8D11-00A0C91BC942}") = "14", "14\14.vcxproj", "{2EBE1FDF-0B19-48AD-8C62-1CDF5B11AFCB}"
EndProject
Project("{8BC9CEB8-8B4A-11D0-8D11-00A0C91BC942}") = "15", "15\15.vcxproj", "{F398C29F-3EE9-4D6C-A8BB-68BB2BD73729}"
EndProject
Project("{8BC9CEB8-8B4A-11D0-8D11-00A0C91BC942}") = "16", "16\16.vcxproj", "{A70E68DA-66C3-46F2-AB8C-51FC790B15A0}"
EndProject
Project("{8BC9CEB8-8B4A-11D0-8D11-00A0C91BC942}") = "17", "17\17.vcxproj", "{46A4DC42-C813-4F0C-A475-8388285E6325}"
EndProject
Project("{8BC9CEB8-8B4A-11D0-8D11-00A0C91BC942}") = "18", "18\18.vcxproj", "{0F425B5B-5EF7-4D34-B58D-243AC41A8270}"
EndProject
Global
	GlobalSection(SolutionConfigurationPlatforms) = preSolution
		Debug|x64 = Debug|x64
		Debug|x86 = Debug|x86
		Release|x64 = Release|x64
		Release|x86 = Release|x86
	EndGlobalSection
	GlobalSection(ProjectConfigurationPlatforms) = postSolution
		{C81FC35A-895B-48E6-A2EF-2190240E4AEF}.Debug|x64.ActiveCfg = Debug|x64
		{C81FC35A-895B-48E6-A2EF-2190240E4AEF}.Debug|x64.Build.0 = Debug|x64
		{C81FC35A-895B-48E6-A2EF-2190240E4AEF}.Debug|x86.ActiveCfg = Debug|Win32
		{C81FC35A-895B-48E6-A2EF-2190240E4AEF}.Debug|x86.Build.0 = Debug|Win32
		{C81FC35A-895B-48E6-A2EF-2190240E4AEF}.Release|x64.ActiveCfg = Release|x64
		{C81FC35A-895B-48E6-A2EF-2190240E4AEF}.Release|x64.Build.0 = Release|x64
		{C81FC35A-895B-48E6-A2EF-2190240E4AEF}.Release|x86.ActiveCfg = Release|Win32
		{C81FC35A-895B-48E6-A2EF-2190240E4AEF}.Release|x86.Build.0 = Release|Win32
		{40CE3379-FD58-45EB-A68D-7C74C1D05CB2}.Debug|x64.ActiveCfg = Debug|x64
		{40CE3379-FD58-45EB-A68D-7C74C1D05CB2}.Debug|x64.Build.0 = Debug|x64
		{40CE3379-FD58-45EB-A68D-7C74C1D05CB2}.Debug|x86.ActiveCfg = Debug|Win32
		{40CE3379-FD58-45EB-A68D-7C74C1D05CB2}.Debug|x86.Build.0 = Debug|Win32
		{40CE3379-FD58-45EB-A68D-7C74C1D05CB2}.Release|x64.ActiveCfg = Release|x64
		{40CE3379-FD58-45EB-A68D-7C74C1D05CB2}.Release|x64.Build.0 = Release|x64
		{40CE3379-FD58-45EB-A68D-7C74C1D05CB2}.Release|x86.ActiveCfg = Release|Win32
		{40CE3379-FD58-45EB-A68D-7C74C1D05CB2}.Release|x86.Build.0 = Release|Win32
		{5062ACFC-FA3A-4BD1-93C6-98A5F0CD6BAF}.Debug|x64.ActiveCfg = Debug|x64
		{5062ACFC-FA3A-4BD1-93C6-98A5F0CD6BAF}.Debug|x64.Build.0 = Debug|x64
		{5062ACFC-FA3A-4BD1-93C6-98A5F0CD6BAF}.Debug|x86.ActiveCfg = Debug|Win32
		{5062ACFC-FA3A-4BD1-93C6-98A5F0CD6BAF}.Debug|x86.Build.0 = Debug|Win32
		{5062ACFC-FA3A-4BD1-93C6-98A5F0CD6BAF}.Release|x64.ActiveCfg = Release|x64
		{5062ACFC-FA3A-4BD1-93C6-98A5F0CD6BAF}.Release|x64.Build.0 = Release|x64
		{5062ACFC-FA3A-4BD1-93C6-98A5F0CD6BAF}.Release|x86.ActiveCfg = Release|Win32
		{5062ACFC-FA3A-4BD1-93C6-98A5F0CD6BAF}.Release|x86.Build.0 = Release|Win32
		{DA99FCE3-941F-4C25-94DD-1939B29DBB80}.Debug|x64.ActiveCfg = Debug|x64
		{DA99FCE3-941F-4C25-94DD-1939B29DBB80}.Debug|x64.Build.0 = Debug|x64
		{DA99FCE3-941F-4C25-94DD-1939B29DBB80}.Debug|x86.ActiveCfg = Debug|Win32
		{DA99FCE3-941F-4C25-94DD-1939B29DBB80}.Debug|x86.Build.0 = Debug|Win32
		{DA99FCE3-941F-4C25-94DD-1939B29DBB80}.Release|x64.ActiveCfg = Release|x64
		{DA99FCE3-941F-4C25-94DD-1939B29DBB80}.Release|x64.Build.0 = Release|x64
		{DA99FCE3-941F-4C25-94DD-1939B29DBB80}.Release|x86.ActiveCfg = Release|Win32
		{DA99FCE3-941F-4C25-94DD-1939B29DBB80}.Release|x86.Build.0 = Release|Win32
		{8C5D1342-2A97-420D-92D8-211D67AC2DCD}.Debug|x64.ActiveCfg = Debug|x64
		{8C5D1342-2A97-420D-92D8-211D67AC2DCD}.Debug|x64.Build.0 = Debug|x64
		{8C5D1342-2A97-420D-92D8-211D67AC2DCD}.Debug|x86.ActiveCfg = Debug|Win32
		{8C5D1342-2A97-420D-92D8-211D67AC2DCD}.Debug|x86.Build.0 = Debug|Win32
		{8C5D1342-2A97-420D-92D8-211D67AC2DCD}.Release|x64.ActiveCfg = Release|x64
		{8C5D1342-2A97-420D-92D8-211D67AC2DCD}.Release|x64.Build.0 = Release|x64
		{8C5D1342-2A97-420D-92D8-211D67AC2DCD}.Release|x86.ActiveCfg = Release|Win32
		{8C5D1342-2A97-420D-92D8-211D67AC2DCD}.Release|x86.Build.0 = Release|Win32
		{918E4FD4-6A09-47A3-9312-E67289611BF7}.Debug|x64.ActiveCfg = Debug|x64
		{918E4FD4-6A09-47A3-9312-E67289611BF7}.Debug|x64.Build.0 = Debug|x64
		{918E4FD4-6A09-47A3-9312-E67289611BF7}.Debug|x86.ActiveCfg = Debug|Win32
		{918E4FD4-6A09-47A3-9312-E67289611BF7}.Debug|x86.Build.0 = Debug|Win32
		{918E4FD4-6A09-47A3-9312-E67289611BF7}.Release|x64.ActiveCfg = Release|x64
		{918E4FD4-6A09-47A3-9312-E67289611BF7}.Release|x64.Build.0 = Release|x64
		{918E4FD4-6A09-47A3-9312-E67289611BF7}.Release|x86.ActiveCfg = Release|Win32
		{918E4FD4-6A09-47A3-9312-E67289611BF7}.Release|x86.Build.0 = Release|Win32
		{B1AC0DB9-D341-447A-B960-59D3346D5E85}.Debug|x64.ActiveCfg = Debug|x64
		{B1AC0DB9-D341-447A-B960-59D3346D5E85}.Debug|x64.Build.0 = Debug|x64
		{B1AC0DB9-D341-447A-B960-59D3346D5E85}.Debug|x86.ActiveCfg = Debug|Win32
		{B1AC0DB9-D341-447A-B960-59D3346D5E85}.Debug|x86.Build.0 = Debug|Win32
		{B1AC0DB9-D341-447A-B960-59D3346D5E85}.Release|x64.ActiveCfg = Release|x64
		{B1AC0DB9-D341-447A-B960-59D3346D5E85}.Release|x64.Build.0 = Release|x64
		{B1AC0DB9-D341-447A-B960-59D3346D5E85}.Release|x86.ActiveCfg = Release|Win32
		{B1AC0DB9-D341-447A-B960-59D3346D5E85}.Release|x86.Build.0 = Release|Win32
		{B45631CD-15FC-4A5D-B558-C4A72CA0D3C1}.Debug|x64.ActiveCfg = Debug|x64
		{B45631CD-15FC-4A5D-B558-C4A72CA0D3C1}.Debug|x64.Build.0 = Debug|x64
		{B45631CD-15FC-4A5D-B558-C4A72CA0D3C1}.Debug|x86.ActiveCfg = Debug|Win32
		{B45631CD-15FC-4A5D-B558-C4A72CA0D3C1}.Debug|x86.Build.0 = Debug|Win32
		{B45631CD-15FC-4A5D-B558-C4A72CA0D3C1}.Release|x64.ActiveCfg = Release|x64
		{B45631CD-15FC-4A5D-B558-C4A72CA0D3C1}.Release|x64.Build.0 = Release|x64
		{B45631CD-15FC-4A5D-B558-C4A72CA0D3C1}.Release|x86.ActiveCfg = Release|Win32
		{B45631CD-15FC-4A5D-B558-C4A72CA0D3C1}.Release|x86.Build.0 = Release|Win32
		{706D1A5B-6BD5-4E29-A458-B7911B50165E}.Debug|x64.ActiveCfg = Debug|x64
		{706D1A5B-6BD5-4E29-A458-B7911B50165E}.Debug|x64.Build.0 = Debug|x64
		{706D1A5B-6BD5-4E29-A458-B7911B50165E}.Debug|x86.ActiveCfg = Debug|Win32
		{706D1A5B-6BD5-4E29-A458-B7911B50165E}.Debug|x86.Build.0 = Debug|Win32
		{706D1A5B-6BD5-4E29-A458-B7911B50165E}.Release|x64.ActiveCfg = Release|x64
		{706D1A5B-6BD5-4E29-A458-B7911B50165E}.Release|x64.Build.0 = Release|x64
		{706D1A5B-6BD5-4E29-A458-B7911B50165E}.Release|x86.ActiveCfg = Release|Win32
		{706D1A5B-6BD5-4E29-A458-B7911B50165E}.Release|x86.Build.0 = Release|Win32
		{4B8E607A-CC67-4B21-B65D-6BB8FCC16834}.Debug|x64.ActiveCfg = Debug|x64
		{4B8E607A-CC67-4B21-B65D-6BB8FCC16834}.Debug|x64.Build.0 = Debug|x64
		{4B8E607A-CC67-4B21-B65D-6BB8FCC16834}.Debug|x86.ActiveCfg = Debug|Win32
		{4B8E607A-CC67-4B21-B65D-6BB8FCC16834}.Debug|x86.Build.0 = Debug|Win32
		{4B8E607A-CC67-4B21-B65D-6BB8FCC16834}.Release|x64.ActiveCfg = Release|x64
		{4B8E607A-CC67-4B21-B65D-6BB8FCC16834}.Release|x64.Build.0 = Release|x64
		{4B8E607A-CC67-4B21-B65D-6BB8FCC16834}.Release|x86.ActiveCfg = Release|Win32
		{4B8E607A-CC67-4B21-B65D-6BB8FCC16834}.Release|x86.Build.0 = Release|Win32
		{446E10DC-0258-4535-975B-DA572674B30C}.Debug|x64.ActiveCfg = Debug|x64
		{446E10DC-0258-4535-975B-DA572674B30C}.Debug|x64.Build.0 = Debug|x64
		{446E10DC-0258-4535-975B-DA572674B30C}.Debug|x86.ActiveCfg = Debug|Win32
		{446E10DC-0258-4535-975B-DA572674B30C}.Debug|x86.Build.0 = Debug|Win32
		{446E10DC-0258-4535-975B-DA572674B30C}.Release|x64.ActiveCfg = Release|x64
		{446E10DC-0258-4535-975B-DA572674B30C}.Release|x64.Build.0 = Release|x64
		{446E10DC-0258-4535-975B-DA572674B30C}.Release|x86.ActiveCfg = Release|Win32
		{446E10DC-0258-4535-975B-DA572674B30C}.Release|x86.Build.0 = Release|Win32
		{9AC0CBFF-34E4-454B-BBB6-76A09656F7B2}.Debug|x64.ActiveCfg = Debug|x64
		{9AC0CBFF-34E4-454B-BBB6-76A09656F7B2}.Debug|x64.Build.0 = Debug|x64
		{9AC0CBFF-34E4-454B-BBB6-76A09656F7B2}.Debug|x86.ActiveCfg = Debug|Win32
		{9AC0CBFF-34E4-454B-BBB6-76A09656F7B2}.Debug|x86.Build.0 = Debug|Win32
		{9AC0CBFF-34E4-454B-BBB6-76A09656F7B2}.Release|x64.ActiveCfg = Release|x64
		{9AC0CBFF-34E4-454B-BBB6-76A09656F7B2}.Release|x64.Build.0 = Release|x64
		{9AC0CBFF-34E4-454B-BBB6-76A09656F7B2}.Release|x86.ActiveCfg = Release|Win32
		{9AC0CBFF-34E4-454B-BBB6-76A09656F7B2}.Release|x86.Build.0 = Release|Win32
		{4D722E75-20CC-4787-B916-8C5BAE4B195F}.Debug|x64.ActiveCfg = Debug|x64
		{4D722E75-20CC-4787-B916-8C5BAE4B195F}.Debug|x64.Build.0 = Debug|x64
		{4D722E75-20CC-4787-B916-8C5BAE4B195F}.Debug|x86.ActiveCfg = Debug|Win32
		{4D722E75-20CC-4787-B916-8C5BAE4B195F}.Debug|x86.Build.0 = Debug|Win32
		{4D722E75-20CC-4787-B916-8C5BAE4B195F}.Release|x64.ActiveCfg = Release|x64
		{4D722E75-20CC-4787-B916-8C5BAE4B195F}.Release|x64.Build.0 = Release|x64
		{4D722E75-20CC-4787-B916-8C5BAE4B195F}.Release|x86.ActiveCfg = Release|Win32
		{4D722E75-20CC-4787-B916-8C5BAE4B195F}.Release|x86.Build.0 = Release|Win32
		{2EBE1FDF-0B19-48AD-8C62-1CDF5B11AFCB}.Debug|x64.ActiveCfg = Debug|x64
		{2EBE1FDF-0B19-48AD-8C62-1CDF5B11AFCB}.Debug|x64.Build.0 = Debug|x64
		{2EBE1FDF-0B19-48AD-8C62-1CDF5B11AFCB}.Debug|x86.ActiveCfg = Debug|Win32
		{2EBE1FDF-0B19-48AD-8C62-1CDF5B11AFCB}.Debug|x86.Build.0 = Debug|Win32
		{2EBE1FDF-0B19-48AD-8C62-1CDF5B11AFCB}.Release|x64.ActiveCfg = Release|x64
		{2EBE1FDF-0B19-48AD-8C62-1CDF5B11AFCB}.Release|x64.Build.0 = Release|x64
		{2EBE1FDF-0B19-48AD-8C62-1CDF5B11AFCB}.Release|x86.ActiveCfg = Release|Win32
		{2EBE1FDF-0B19-48AD-8C62-1CDF5B11AFCB}.Release|x86.Build.0 = Release|Win32
		{F398C29F-3EE9-4D6C-A8BB-68BB2BD73729}.Debug|x64.ActiveCfg = Debug|x64
		{F398C29F-3EE9-4D6C-A8BB-68BB2BD73729}.Debug|x64.Build.0 = Debug|x64
		{F398C29F-3EE9-4D6C-A8BB-68BB2BD73729}.Debug|x86.ActiveCfg = Debug|Win32
		{F398C29F-3EE9-4D6C-A8BB-68BB2BD73729}.Debug|x86.Build.0 = Debug|Win32
		{F398C29F-3EE9-4D6C-A8BB-68BB2BD73729}.Release|x64.ActiveCfg = Release|x64
		{F398C29F-3EE9-4D6C-A8BB-68BB2BD73729}.Release|x64.Build.0 = Release|x64
		{F398C29F-3EE9-4D6C-A8BB-68BB2BD73729}.Release|x86.ActiveCfg = Release|Win32
		{F398C29F-3EE9-4D6C-A8BB-68BB2BD73729}.Release|x86.Build.0 = Release|Win32
		{A70E68DA-66C3-46F2-AB8C-51FC790B15A0}.Debug|x64.ActiveCfg = Debug|x64
		{A70E68DA-66C3-46F2-AB8C-51FC790B15A0}.Debug|x64.Build.0 = Debug|x64
		{A70E68DA-66C3-46F2-AB8C-51FC790B15A0}.Debug|x86.ActiveCfg = Debug|Win32
		{A70E68DA-66C3-46F2-AB8C-51FC790B15A0}.Debug|x86.Build.0 = Debug|Win32
		{A70E68DA-66C3-46F2-AB8C-51FC790B15A0}.Release|x64.ActiveCfg = Release|x64
		{A70E68DA-66C3-46F2-AB8C-51FC790B15A0}.Release|x64.Build.0 = Release|x64
		{A70E68DA-66C3-46F2-AB8C-51FC790B15A0}.Release|x86.ActiveCfg = Release|Win32
		{A70E68DA-66C3-46F2-AB8C-51FC790B15A0}.Release|x86.Build.0 = Release|Win32
		{46A4DC42-C813-4F0C-A475-8388285E6325}.Debug|x64.ActiveCfg = Debug|x64
		{46A4DC42-C813-4F0C-A475-8388285E6325}.Debug|x64.Build.0 = Debug|x64
		{46A4DC42-C813-4F0C-A475-8388285E6325}.Debug|x86.ActiveCfg = Debug|Win32
		{46A4DC42-C813-4F0C-A475-8388285E6325}.Debug|x86.Build.0 = Debug|Win32
		{46A4DC42-C813-4F0C-A475-8388285E6325}.Release|x64.ActiveCfg = Release|x64
		{46A4DC42-C813-4F0C-A475-8388285E6325}.Release|x64.Build.0 = Release|x64
		{46A4DC42-C813-4F0C-A475-8388285E6325}.Release|x86.ActiveCfg = Release|Win32
		{46A4DC42-C813-4F0C-A475-8388285E6325}.Release|x86.Build.0 = Release|Win32
		{0F425B5B-5EF7-4D34-B58D-243AC41A8270}.Debug|x64.ActiveCfg = Debug|x64
		{0F425B5B-5EF7-4D34-B58D-243AC41A8270}.Debug|x64.Build.0 = Debug|x64
		{0F425B5B-5EF7-4D34-B58D-243AC41A8270}.Debug|x86.ActiveCfg = Debug|Win32
		{0F425B5B-5EF7-4D34-B58D-243AC41A8270}.Debug|x86.Build.0 = Debug|Win32
		{0F425B5B-5EF7-4D34-B58D-243AC41A8270}.Release|x64.ActiveCfg = Release|x64
		{0F425B5B-5EF7-4D34-B58D-243AC41A8270}.Release|x64.Build.0 = Release|x64
		{0F425B5B-5EF7-4D34-B58D-243AC41A8270}.Release|x86.ActiveCfg = Release|Win32
		{0F425B5B-5EF7-4D34-B58D-243AC41A8270}.Release|x86.Build.0 = Release|Win32
	EndGlobalSection
	GlobalSection(SolutionProperties) = preSolution
		HideSolutionNode = FALSE
	EndGlobalSection
EndGlobal
