
Microsoft Visual Studio Solution File, Format Version 12.00
# Visual Studio 14
VisualStudioVersion = 14.0.25420.1
MinimumVisualStudioVersion = 10.0.40219.1
Project("{8BC9CEB8-8B4A-11D0-8D11-00A0C91BC942}") = "01", "1\1.vcxproj", "{E1F8CCA3-C5B2-48E9-A0E4-ED78B0596212}"
EndProject
Project("{8BC9CEB8-8B4A-11D0-8D11-00A0C91BC942}") = "02", "2\2.vcxproj", "{3F3CD8B6-C8B2-4C19-BD4F-0C305FC0B466}"
EndProject
Project("{8BC9CEB8-8B4A-11D0-8D11-00A0C91BC942}") = "03", "3\3.vcxproj", "{8409E2DB-D81D-4ACB-9941-7DA12765FBB8}"
EndProject
Project("{8BC9CEB8-8B4A-11D0-8D11-00A0C91BC942}") = "04", "4\4.vcxproj", "{894747DE-DF2B-483A-988C-8D0C778EECAD}"
EndProject
Project("{8BC9CEB8-8B4A-11D0-8D11-00A0C91BC942}") = "05", "5\5.vcxproj", "{0251FDF0-B68A-4186-9CB3-D4C4295F9838}"
EndProject
Project("{8BC9CEB8-8B4A-11D0-8D11-00A0C91BC942}") = "14", "14\14.vcxproj", "{F41702E1-F3B1-4BA6-904C-16FE5944ADCB}"
EndProject
Project("{8BC9CEB8-8B4A-11D0-8D11-00A0C91BC942}") = "06", "6\6.vcxproj", "{A55130C7-70F7-491D-9189-655FA626A2B0}"
EndProject
Project("{8BC9CEB8-8B4A-11D0-8D11-00A0C91BC942}") = "07", "7\7.vcxproj", "{B6F10722-9032-45CB-A95D-66630F161E8D}"
EndProject
Project("{8BC9CEB8-8B4A-11D0-8D11-00A0C91BC942}") = "08", "8\8.vcxproj", "{D50EF0D1-E77E-4437-9BEE-1FB759AFF1FD}"
EndProject
Project("{8BC9CEB8-8B4A-11D0-8D11-00A0C91BC942}") = "09", "9\9.vcxproj", "{95F0922C-7BA6-412D-AF84-C253C2964041}"
EndProject
Project("{8BC9CEB8-8B4A-11D0-8D11-00A0C91BC942}") = "10", "10\10.vcxproj", "{C357EC48-5EAD-47C6-9B04-B6374D03A961}"
EndProject
Project("{8BC9CEB8-8B4A-11D0-8D11-00A0C91BC942}") = "11", "11\11.vcxproj", "{381E4CF1-BB8E-4CA9-AC31-48C546F69FC8}"
EndProject
Project("{8BC9CEB8-8B4A-11D0-8D11-00A0C91BC942}") = "12", "12\12.vcxproj", "{E56C36D6-6A92-4843-9F65-C6F318F7076B}"
EndProject
Project("{8BC9CEB8-8B4A-11D0-8D11-00A0C91BC942}") = "13", "13\13.vcxproj", "{A1E740BC-D87C-4C63-8D56-3175E6C25CC5}"
EndProject
Project("{8BC9CEB8-8B4A-11D0-8D11-00A0C91BC942}") = "15", "15\15.vcxproj", "{7687E360-A662-4A77-9421-D1AF13813D02}"
EndProject
Project("{8BC9CEB8-8B4A-11D0-8D11-00A0C91BC942}") = "16", "16\16.vcxproj", "{A8CF1187-7CF6-4DB6-B2CC-C37DAC89584D}"
EndProject
Project("{8BC9CEB8-8B4A-11D0-8D11-00A0C91BC942}") = "17", "17\17.vcxproj", "{0B02FFAB-70B0-45B3-A339-F47CE864C2AC}"
EndProject
Project("{8BC9CEB8-8B4A-11D0-8D11-00A0C91BC942}") = "18", "18\18.vcxproj", "{46230625-837C-451E-8BAE-E7EC221FE1A3}"
EndProject
Project("{8BC9CEB8-8B4A-11D0-8D11-00A0C91BC942}") = "19", "19\19.vcxproj", "{37035CF7-49D4-424E-B017-1A11642DFBBB}"
EndProject
Project("{8BC9CEB8-8B4A-11D0-8D11-00A0C91BC942}") = "20", "20\20.vcxproj", "{D037C07D-8C44-45BC-BAD8-F4E59B68D0DD}"
EndProject
Project("{8BC9CEB8-8B4A-11D0-8D11-00A0C91BC942}") = "21", "21\21.vcxproj", "{E0D0999C-008E-476F-A8C5-7F9FB672363F}"
EndProject
Project("{8BC9CEB8-8B4A-11D0-8D11-00A0C91BC942}") = "22", "22\22.vcxproj", "{4848ABAA-9A71-4041-B90F-DB613A36A87C}"
EndProject
Project("{8BC9CEB8-8B4A-11D0-8D11-00A0C91BC942}") = "23", "23\23.vcxproj", "{DF30F139-FE42-44C1-98A8-8159BB37AFE4}"
EndProject
Global
	GlobalSection(SolutionConfigurationPlatforms) = preSolution
		Debug|x64 = Debug|x64
		Debug|x86 = Debug|x86
		Release|x64 = Release|x64
		Release|x86 = Release|x86
	EndGlobalSection
	GlobalSection(ProjectConfigurationPlatforms) = postSolution
		{E1F8CCA3-C5B2-48E9-A0E4-ED78B0596212}.Debug|x64.ActiveCfg = Debug|x64
		{E1F8CCA3-C5B2-48E9-A0E4-ED78B0596212}.Debug|x64.Build.0 = Debug|x64
		{E1F8CCA3-C5B2-48E9-A0E4-ED78B0596212}.Debug|x86.ActiveCfg = Debug|Win32
		{E1F8CCA3-C5B2-48E9-A0E4-ED78B0596212}.Debug|x86.Build.0 = Debug|Win32
		{E1F8CCA3-C5B2-48E9-A0E4-ED78B0596212}.Release|x64.ActiveCfg = Release|x64
		{E1F8CCA3-C5B2-48E9-A0E4-ED78B0596212}.Release|x64.Build.0 = Release|x64
		{E1F8CCA3-C5B2-48E9-A0E4-ED78B0596212}.Release|x86.ActiveCfg = Release|Win32
		{E1F8CCA3-C5B2-48E9-A0E4-ED78B0596212}.Release|x86.Build.0 = Release|Win32
		{3F3CD8B6-C8B2-4C19-BD4F-0C305FC0B466}.Debug|x64.ActiveCfg = Debug|x64
		{3F3CD8B6-C8B2-4C19-BD4F-0C305FC0B466}.Debug|x64.Build.0 = Debug|x64
		{3F3CD8B6-C8B2-4C19-BD4F-0C305FC0B466}.Debug|x86.ActiveCfg = Debug|Win32
		{3F3CD8B6-C8B2-4C19-BD4F-0C305FC0B466}.Debug|x86.Build.0 = Debug|Win32
		{3F3CD8B6-C8B2-4C19-BD4F-0C305FC0B466}.Release|x64.ActiveCfg = Release|x64
		{3F3CD8B6-C8B2-4C19-BD4F-0C305FC0B466}.Release|x64.Build.0 = Release|x64
		{3F3CD8B6-C8B2-4C19-BD4F-0C305FC0B466}.Release|x86.ActiveCfg = Release|Win32
		{3F3CD8B6-C8B2-4C19-BD4F-0C305FC0B466}.Release|x86.Build.0 = Release|Win32
		{8409E2DB-D81D-4ACB-9941-7DA12765FBB8}.Debug|x64.ActiveCfg = Debug|x64
		{8409E2DB-D81D-4ACB-9941-7DA12765FBB8}.Debug|x64.Build.0 = Debug|x64
		{8409E2DB-D81D-4ACB-9941-7DA12765FBB8}.Debug|x86.ActiveCfg = Debug|Win32
		{8409E2DB-D81D-4ACB-9941-7DA12765FBB8}.Debug|x86.Build.0 = Debug|Win32
		{8409E2DB-D81D-4ACB-9941-7DA12765FBB8}.Release|x64.ActiveCfg = Release|x64
		{8409E2DB-D81D-4ACB-9941-7DA12765FBB8}.Release|x64.Build.0 = Release|x64
		{8409E2DB-D81D-4ACB-9941-7DA12765FBB8}.Release|x86.ActiveCfg = Release|Win32
		{8409E2DB-D81D-4ACB-9941-7DA12765FBB8}.Release|x86.Build.0 = Release|Win32
		{894747DE-DF2B-483A-988C-8D0C778EECAD}.Debug|x64.ActiveCfg = Debug|x64
		{894747DE-DF2B-483A-988C-8D0C778EECAD}.Debug|x64.Build.0 = Debug|x64
		{894747DE-DF2B-483A-988C-8D0C778EECAD}.Debug|x86.ActiveCfg = Debug|Win32
		{894747DE-DF2B-483A-988C-8D0C778EECAD}.Debug|x86.Build.0 = Debug|Win32
		{894747DE-DF2B-483A-988C-8D0C778EECAD}.Release|x64.ActiveCfg = Release|x64
		{894747DE-DF2B-483A-988C-8D0C778EECAD}.Release|x64.Build.0 = Release|x64
		{894747DE-DF2B-483A-988C-8D0C778EECAD}.Release|x86.ActiveCfg = Release|Win32
		{894747DE-DF2B-483A-988C-8D0C778EECAD}.Release|x86.Build.0 = Release|Win32
		{0251FDF0-B68A-4186-9CB3-D4C4295F9838}.Debug|x64.ActiveCfg = Debug|x64
		{0251FDF0-B68A-4186-9CB3-D4C4295F9838}.Debug|x64.Build.0 = Debug|x64
		{0251FDF0-B68A-4186-9CB3-D4C4295F9838}.Debug|x86.ActiveCfg = Debug|Win32
		{0251FDF0-B68A-4186-9CB3-D4C4295F9838}.Debug|x86.Build.0 = Debug|Win32
		{0251FDF0-B68A-4186-9CB3-D4C4295F9838}.Release|x64.ActiveCfg = Release|x64
		{0251FDF0-B68A-4186-9CB3-D4C4295F9838}.Release|x64.Build.0 = Release|x64
		{0251FDF0-B68A-4186-9CB3-D4C4295F9838}.Release|x86.ActiveCfg = Release|Win32
		{0251FDF0-B68A-4186-9CB3-D4C4295F9838}.Release|x86.Build.0 = Release|Win32
		{F41702E1-F3B1-4BA6-904C-16FE5944ADCB}.Debug|x64.ActiveCfg = Debug|x64
		{F41702E1-F3B1-4BA6-904C-16FE5944ADCB}.Debug|x64.Build.0 = Debug|x64
		{F41702E1-F3B1-4BA6-904C-16FE5944ADCB}.Debug|x86.ActiveCfg = Debug|Win32
		{F41702E1-F3B1-4BA6-904C-16FE5944ADCB}.Debug|x86.Build.0 = Debug|Win32
		{F41702E1-F3B1-4BA6-904C-16FE5944ADCB}.Release|x64.ActiveCfg = Release|x64
		{F41702E1-F3B1-4BA6-904C-16FE5944ADCB}.Release|x64.Build.0 = Release|x64
		{F41702E1-F3B1-4BA6-904C-16FE5944ADCB}.Release|x86.ActiveCfg = Release|Win32
		{F41702E1-F3B1-4BA6-904C-16FE5944ADCB}.Release|x86.Build.0 = Release|Win32
		{A55130C7-70F7-491D-9189-655FA626A2B0}.Debug|x64.ActiveCfg = Debug|x64
		{A55130C7-70F7-491D-9189-655FA626A2B0}.Debug|x64.Build.0 = Debug|x64
		{A55130C7-70F7-491D-9189-655FA626A2B0}.Debug|x86.ActiveCfg = Debug|Win32
		{A55130C7-70F7-491D-9189-655FA626A2B0}.Debug|x86.Build.0 = Debug|Win32
		{A55130C7-70F7-491D-9189-655FA626A2B0}.Release|x64.ActiveCfg = Release|x64
		{A55130C7-70F7-491D-9189-655FA626A2B0}.Release|x64.Build.0 = Release|x64
		{A55130C7-70F7-491D-9189-655FA626A2B0}.Release|x86.ActiveCfg = Release|Win32
		{A55130C7-70F7-491D-9189-655FA626A2B0}.Release|x86.Build.0 = Release|Win32
		{B6F10722-9032-45CB-A95D-66630F161E8D}.Debug|x64.ActiveCfg = Debug|x64
		{B6F10722-9032-45CB-A95D-66630F161E8D}.Debug|x64.Build.0 = Debug|x64
		{B6F10722-9032-45CB-A95D-66630F161E8D}.Debug|x86.ActiveCfg = Debug|Win32
		{B6F10722-9032-45CB-A95D-66630F161E8D}.Debug|x86.Build.0 = Debug|Win32
		{B6F10722-9032-45CB-A95D-66630F161E8D}.Release|x64.ActiveCfg = Release|x64
		{B6F10722-9032-45CB-A95D-66630F161E8D}.Release|x64.Build.0 = Release|x64
		{B6F10722-9032-45CB-A95D-66630F161E8D}.Release|x86.ActiveCfg = Release|Win32
		{B6F10722-9032-45CB-A95D-66630F161E8D}.Release|x86.Build.0 = Release|Win32
		{D50EF0D1-E77E-4437-9BEE-1FB759AFF1FD}.Debug|x64.ActiveCfg = Debug|x64
		{D50EF0D1-E77E-4437-9BEE-1FB759AFF1FD}.Debug|x64.Build.0 = Debug|x64
		{D50EF0D1-E77E-4437-9BEE-1FB759AFF1FD}.Debug|x86.ActiveCfg = Debug|Win32
		{D50EF0D1-E77E-4437-9BEE-1FB759AFF1FD}.Debug|x86.Build.0 = Debug|Win32
		{D50EF0D1-E77E-4437-9BEE-1FB759AFF1FD}.Release|x64.ActiveCfg = Release|x64
		{D50EF0D1-E77E-4437-9BEE-1FB759AFF1FD}.Release|x64.Build.0 = Release|x64
		{D50EF0D1-E77E-4437-9BEE-1FB759AFF1FD}.Release|x86.ActiveCfg = Release|Win32
		{D50EF0D1-E77E-4437-9BEE-1FB759AFF1FD}.Release|x86.Build.0 = Release|Win32
		{95F0922C-7BA6-412D-AF84-C253C2964041}.Debug|x64.ActiveCfg = Debug|x64
		{95F0922C-7BA6-412D-AF84-C253C2964041}.Debug|x64.Build.0 = Debug|x64
		{95F0922C-7BA6-412D-AF84-C253C2964041}.Debug|x86.ActiveCfg = Debug|Win32
		{95F0922C-7BA6-412D-AF84-C253C2964041}.Debug|x86.Build.0 = Debug|Win32
		{95F0922C-7BA6-412D-AF84-C253C2964041}.Release|x64.ActiveCfg = Release|x64
		{95F0922C-7BA6-412D-AF84-C253C2964041}.Release|x64.Build.0 = Release|x64
		{95F0922C-7BA6-412D-AF84-C253C2964041}.Release|x86.ActiveCfg = Release|Win32
		{95F0922C-7BA6-412D-AF84-C253C2964041}.Release|x86.Build.0 = Release|Win32
		{C357EC48-5EAD-47C6-9B04-B6374D03A961}.Debug|x64.ActiveCfg = Debug|x64
		{C357EC48-5EAD-47C6-9B04-B6374D03A961}.Debug|x64.Build.0 = Debug|x64
		{C357EC48-5EAD-47C6-9B04-B6374D03A961}.Debug|x86.ActiveCfg = Debug|Win32
		{C357EC48-5EAD-47C6-9B04-B6374D03A961}.Debug|x86.Build.0 = Debug|Win32
		{C357EC48-5EAD-47C6-9B04-B6374D03A961}.Release|x64.ActiveCfg = Release|x64
		{C357EC48-5EAD-47C6-9B04-B6374D03A961}.Release|x64.Build.0 = Release|x64
		{C357EC48-5EAD-47C6-9B04-B6374D03A961}.Release|x86.ActiveCfg = Release|Win32
		{C357EC48-5EAD-47C6-9B04-B6374D03A961}.Release|x86.Build.0 = Release|Win32
		{381E4CF1-BB8E-4CA9-AC31-48C546F69FC8}.Debug|x64.ActiveCfg = Debug|x64
		{381E4CF1-BB8E-4CA9-AC31-48C546F69FC8}.Debug|x64.Build.0 = Debug|x64
		{381E4CF1-BB8E-4CA9-AC31-48C546F69FC8}.Debug|x86.ActiveCfg = Debug|Win32
		{381E4CF1-BB8E-4CA9-AC31-48C546F69FC8}.Debug|x86.Build.0 = Debug|Win32
		{381E4CF1-BB8E-4CA9-AC31-48C546F69FC8}.Release|x64.ActiveCfg = Release|x64
		{381E4CF1-BB8E-4CA9-AC31-48C546F69FC8}.Release|x64.Build.0 = Release|x64
		{381E4CF1-BB8E-4CA9-AC31-48C546F69FC8}.Release|x86.ActiveCfg = Release|Win32
		{381E4CF1-BB8E-4CA9-AC31-48C546F69FC8}.Release|x86.Build.0 = Release|Win32
		{E56C36D6-6A92-4843-9F65-C6F318F7076B}.Debug|x64.ActiveCfg = Debug|x64
		{E56C36D6-6A92-4843-9F65-C6F318F7076B}.Debug|x64.Build.0 = Debug|x64
		{E56C36D6-6A92-4843-9F65-C6F318F7076B}.Debug|x86.ActiveCfg = Debug|Win32
		{E56C36D6-6A92-4843-9F65-C6F318F7076B}.Debug|x86.Build.0 = Debug|Win32
		{E56C36D6-6A92-4843-9F65-C6F318F7076B}.Release|x64.ActiveCfg = Release|x64
		{E56C36D6-6A92-4843-9F65-C6F318F7076B}.Release|x64.Build.0 = Release|x64
		{E56C36D6-6A92-4843-9F65-C6F318F7076B}.Release|x86.ActiveCfg = Release|Win32
		{E56C36D6-6A92-4843-9F65-C6F318F7076B}.Release|x86.Build.0 = Release|Win32
		{A1E740BC-D87C-4C63-8D56-3175E6C25CC5}.Debug|x64.ActiveCfg = Debug|x64
		{A1E740BC-D87C-4C63-8D56-3175E6C25CC5}.Debug|x64.Build.0 = Debug|x64
		{A1E740BC-D87C-4C63-8D56-3175E6C25CC5}.Debug|x86.ActiveCfg = Debug|Win32
		{A1E740BC-D87C-4C63-8D56-3175E6C25CC5}.Debug|x86.Build.0 = Debug|Win32
		{A1E740BC-D87C-4C63-8D56-3175E6C25CC5}.Release|x64.ActiveCfg = Release|x64
		{A1E740BC-D87C-4C63-8D56-3175E6C25CC5}.Release|x64.Build.0 = Release|x64
		{A1E740BC-D87C-4C63-8D56-3175E6C25CC5}.Release|x86.ActiveCfg = Release|Win32
		{A1E740BC-D87C-4C63-8D56-3175E6C25CC5}.Release|x86.Build.0 = Release|Win32
		{7687E360-A662-4A77-9421-D1AF13813D02}.Debug|x64.ActiveCfg = Debug|x64
		{7687E360-A662-4A77-9421-D1AF13813D02}.Debug|x64.Build.0 = Debug|x64
		{7687E360-A662-4A77-9421-D1AF13813D02}.Debug|x86.ActiveCfg = Debug|Win32
		{7687E360-A662-4A77-9421-D1AF13813D02}.Debug|x86.Build.0 = Debug|Win32
		{7687E360-A662-4A77-9421-D1AF13813D02}.Release|x64.ActiveCfg = Release|x64
		{7687E360-A662-4A77-9421-D1AF13813D02}.Release|x64.Build.0 = Release|x64
		{7687E360-A662-4A77-9421-D1AF13813D02}.Release|x86.ActiveCfg = Release|Win32
		{7687E360-A662-4A77-9421-D1AF13813D02}.Release|x86.Build.0 = Release|Win32
		{A8CF1187-7CF6-4DB6-B2CC-C37DAC89584D}.Debug|x64.ActiveCfg = Debug|x64
		{A8CF1187-7CF6-4DB6-B2CC-C37DAC89584D}.Debug|x64.Build.0 = Debug|x64
		{A8CF1187-7CF6-4DB6-B2CC-C37DAC89584D}.Debug|x86.ActiveCfg = Debug|Win32
		{A8CF1187-7CF6-4DB6-B2CC-C37DAC89584D}.Debug|x86.Build.0 = Debug|Win32
		{A8CF1187-7CF6-4DB6-B2CC-C37DAC89584D}.Release|x64.ActiveCfg = Release|x64
		{A8CF1187-7CF6-4DB6-B2CC-C37DAC89584D}.Release|x64.Build.0 = Release|x64
		{A8CF1187-7CF6-4DB6-B2CC-C37DAC89584D}.Release|x86.ActiveCfg = Release|Win32
		{A8CF1187-7CF6-4DB6-B2CC-C37DAC89584D}.Release|x86.Build.0 = Release|Win32
		{0B02FFAB-70B0-45B3-A339-F47CE864C2AC}.Debug|x64.ActiveCfg = Debug|x64
		{0B02FFAB-70B0-45B3-A339-F47CE864C2AC}.Debug|x64.Build.0 = Debug|x64
		{0B02FFAB-70B0-45B3-A339-F47CE864C2AC}.Debug|x86.ActiveCfg = Debug|Win32
		{0B02FFAB-70B0-45B3-A339-F47CE864C2AC}.Debug|x86.Build.0 = Debug|Win32
		{0B02FFAB-70B0-45B3-A339-F47CE864C2AC}.Release|x64.ActiveCfg = Release|x64
		{0B02FFAB-70B0-45B3-A339-F47CE864C2AC}.Release|x64.Build.0 = Release|x64
		{0B02FFAB-70B0-45B3-A339-F47CE864C2AC}.Release|x86.ActiveCfg = Release|Win32
		{0B02FFAB-70B0-45B3-A339-F47CE864C2AC}.Release|x86.Build.0 = Release|Win32
		{46230625-837C-451E-8BAE-E7EC221FE1A3}.Debug|x64.ActiveCfg = Debug|x64
		{46230625-837C-451E-8BAE-E7EC221FE1A3}.Debug|x64.Build.0 = Debug|x64
		{46230625-837C-451E-8BAE-E7EC221FE1A3}.Debug|x86.ActiveCfg = Debug|Win32
		{46230625-837C-451E-8BAE-E7EC221FE1A3}.Debug|x86.Build.0 = Debug|Win32
		{46230625-837C-451E-8BAE-E7EC221FE1A3}.Release|x64.ActiveCfg = Release|x64
		{46230625-837C-451E-8BAE-E7EC221FE1A3}.Release|x64.Build.0 = Release|x64
		{46230625-837C-451E-8BAE-E7EC221FE1A3}.Release|x86.ActiveCfg = Release|Win32
		{46230625-837C-451E-8BAE-E7EC221FE1A3}.Release|x86.Build.0 = Release|Win32
		{37035CF7-49D4-424E-B017-1A11642DFBBB}.Debug|x64.ActiveCfg = Debug|x64
		{37035CF7-49D4-424E-B017-1A11642DFBBB}.Debug|x64.Build.0 = Debug|x64
		{37035CF7-49D4-424E-B017-1A11642DFBBB}.Debug|x86.ActiveCfg = Debug|Win32
		{37035CF7-49D4-424E-B017-1A11642DFBBB}.Debug|x86.Build.0 = Debug|Win32
		{37035CF7-49D4-424E-B017-1A11642DFBBB}.Release|x64.ActiveCfg = Release|x64
		{37035CF7-49D4-424E-B017-1A11642DFBBB}.Release|x64.Build.0 = Release|x64
		{37035CF7-49D4-424E-B017-1A11642DFBBB}.Release|x86.ActiveCfg = Release|Win32
		{37035CF7-49D4-424E-B017-1A11642DFBBB}.Release|x86.Build.0 = Release|Win32
		{D037C07D-8C44-45BC-BAD8-F4E59B68D0DD}.Debug|x64.ActiveCfg = Debug|x64
		{D037C07D-8C44-45BC-BAD8-F4E59B68D0DD}.Debug|x64.Build.0 = Debug|x64
		{D037C07D-8C44-45BC-BAD8-F4E59B68D0DD}.Debug|x86.ActiveCfg = Debug|Win32
		{D037C07D-8C44-45BC-BAD8-F4E59B68D0DD}.Debug|x86.Build.0 = Debug|Win32
		{D037C07D-8C44-45BC-BAD8-F4E59B68D0DD}.Release|x64.ActiveCfg = Release|x64
		{D037C07D-8C44-45BC-BAD8-F4E59B68D0DD}.Release|x64.Build.0 = Release|x64
		{D037C07D-8C44-45BC-BAD8-F4E59B68D0DD}.Release|x86.ActiveCfg = Release|Win32
		{D037C07D-8C44-45BC-BAD8-F4E59B68D0DD}.Release|x86.Build.0 = Release|Win32
		{E0D0999C-008E-476F-A8C5-7F9FB672363F}.Debug|x64.ActiveCfg = Debug|x64
		{E0D0999C-008E-476F-A8C5-7F9FB672363F}.Debug|x64.Build.0 = Debug|x64
		{E0D0999C-008E-476F-A8C5-7F9FB672363F}.Debug|x86.ActiveCfg = Debug|Win32
		{E0D0999C-008E-476F-A8C5-7F9FB672363F}.Debug|x86.Build.0 = Debug|Win32
		{E0D0999C-008E-476F-A8C5-7F9FB672363F}.Release|x64.ActiveCfg = Release|x64
		{E0D0999C-008E-476F-A8C5-7F9FB672363F}.Release|x64.Build.0 = Release|x64
		{E0D0999C-008E-476F-A8C5-7F9FB672363F}.Release|x86.ActiveCfg = Release|Win32
		{E0D0999C-008E-476F-A8C5-7F9FB672363F}.Release|x86.Build.0 = Release|Win32
		{4848ABAA-9A71-4041-B90F-DB613A36A87C}.Debug|x64.ActiveCfg = Debug|x64
		{4848ABAA-9A71-4041-B90F-DB613A36A87C}.Debug|x64.Build.0 = Debug|x64
		{4848ABAA-9A71-4041-B90F-DB613A36A87C}.Debug|x86.ActiveCfg = Debug|Win32
		{4848ABAA-9A71-4041-B90F-DB613A36A87C}.Debug|x86.Build.0 = Debug|Win32
		{4848ABAA-9A71-4041-B90F-DB613A36A87C}.Release|x64.ActiveCfg = Release|x64
		{4848ABAA-9A71-4041-B90F-DB613A36A87C}.Release|x64.Build.0 = Release|x64
		{4848ABAA-9A71-4041-B90F-DB613A36A87C}.Release|x86.ActiveCfg = Release|Win32
		{4848ABAA-9A71-4041-B90F-DB613A36A87C}.Release|x86.Build.0 = Release|Win32
		{DF30F139-FE42-44C1-98A8-8159BB37AFE4}.Debug|x64.ActiveCfg = Debug|x64
		{DF30F139-FE42-44C1-98A8-8159BB37AFE4}.Debug|x64.Build.0 = Debug|x64
		{DF30F139-FE42-44C1-98A8-8159BB37AFE4}.Debug|x86.ActiveCfg = Debug|Win32
		{DF30F139-FE42-44C1-98A8-8159BB37AFE4}.Debug|x86.Build.0 = Debug|Win32
		{DF30F139-FE42-44C1-98A8-8159BB37AFE4}.Release|x64.ActiveCfg = Release|x64
		{DF30F139-FE42-44C1-98A8-8159BB37AFE4}.Release|x64.Build.0 = Release|x64
		{DF30F139-FE42-44C1-98A8-8159BB37AFE4}.Release|x86.ActiveCfg = Release|Win32
		{DF30F139-FE42-44C1-98A8-8159BB37AFE4}.Release|x86.Build.0 = Release|Win32
	EndGlobalSection
	GlobalSection(SolutionProperties) = preSolution
		HideSolutionNode = FALSE
	EndGlobalSection
EndGlobal
