
Microsoft Visual Studio Solution File, Format Version 12.00
# Visual Studio 14
VisualStudioVersion = 14.0.25420.1
MinimumVisualStudioVersion = 10.0.40219.1
Project("{8BC9CEB8-8B4A-11D0-8D11-00A0C91BC942}") = "Bai1", "18120254\18120254.vcxproj", "{44BEB396-A073-49C7-A062-2022904C42EE}"
EndProject
Project("{8BC9CEB8-8B4A-11D0-8D11-00A0C91BC942}") = "Bai2", "Bai2\Bai2.vcxproj", "{13E28C32-0116-474F-8226-ADF3DE0BF6CB}"
EndProject
Global
	GlobalSection(SolutionConfigurationPlatforms) = preSolution
		Debug|x64 = Debug|x64
		Debug|x86 = Debug|x86
		Release|x64 = Release|x64
		Release|x86 = Release|x86
	EndGlobalSection
	GlobalSection(ProjectConfigurationPlatforms) = postSolution
		{44BEB396-A073-49C7-A062-2022904C42EE}.Debug|x64.ActiveCfg = Debug|x64
		{44BEB396-A073-49C7-A062-2022904C42EE}.Debug|x64.Build.0 = Debug|x64
		{44BEB396-A073-49C7-A062-2022904C42EE}.Debug|x86.ActiveCfg = Debug|Win32
		{44BEB396-A073-49C7-A062-2022904C42EE}.Debug|x86.Build.0 = Debug|Win32
		{44BEB396-A073-49C7-A062-2022904C42EE}.Release|x64.ActiveCfg = Release|x64
		{44BEB396-A073-49C7-A062-2022904C42EE}.Release|x64.Build.0 = Release|x64
		{44BEB396-A073-49C7-A062-2022904C42EE}.Release|x86.ActiveCfg = Release|Win32
		{44BEB396-A073-49C7-A062-2022904C42EE}.Release|x86.Build.0 = Release|Win32
		{13E28C32-0116-474F-8226-ADF3DE0BF6CB}.Debug|x64.ActiveCfg = Debug|x64
		{13E28C32-0116-474F-8226-ADF3DE0BF6CB}.Debug|x64.Build.0 = Debug|x64
		{13E28C32-0116-474F-8226-ADF3DE0BF6CB}.Debug|x86.ActiveCfg = Debug|Win32
		{13E28C32-0116-474F-8226-ADF3DE0BF6CB}.Debug|x86.Build.0 = Debug|Win32
		{13E28C32-0116-474F-8226-ADF3DE0BF6CB}.Release|x64.ActiveCfg = Release|x64
		{13E28C32-0116-474F-8226-ADF3DE0BF6CB}.Release|x64.Build.0 = Release|x64
		{13E28C32-0116-474F-8226-ADF3DE0BF6CB}.Release|x86.ActiveCfg = Release|Win32
		{13E28C32-0116-474F-8226-ADF3DE0BF6CB}.Release|x86.Build.0 = Release|Win32
	EndGlobalSection
	GlobalSection(SolutionProperties) = preSolution
		HideSolutionNode = FALSE
	EndGlobalSection
EndGlobal
